
Microsoft Visual Studio Solution File, Format Version 12.00
# Visual Studio Version 17
VisualStudioVersion = 17.0.31903.59
MinimumVisualStudioVersion = 10.0.40219.1
Project("{FAE04EC0-301F-11D3-BF4B-00C04F79EFBC}") = "EngineeringToolbox.Api", "src\EngineeringToolbox.Api\EngineeringToolbox.Api.csproj", "{702B6E26-40CB-469A-94C7-5BCF0B98730E}"
EndProject
Project("{FAE04EC0-301F-11D3-BF4B-00C04F79EFBC}") = "EngineeringToolbox.Shared", "src\EngineeringToolbox.Shared\EngineeringToolbox.Shared.csproj", "{6C08560A-E2F1-4A06-A65E-84A829193F11}"
EndProject
Project("{FAE04EC0-301F-11D3-BF4B-00C04F79EFBC}") = "EngineeringToolbox.Application", "src\EngineeringToolbox.Application\EngineeringToolbox.Application.csproj", "{77211C77-7944-45C7-B09A-DC56CA89940F}"
EndProject
Project("{FAE04EC0-301F-11D3-BF4B-00C04F79EFBC}") = "EngineeringToolbox.Infrastructure", "src\EngineeringToolbox.Infrastructure\EngineeringToolbox.Infrastructure.csproj", "{0406B1CA-E674-4CF3-8B86-07933285C077}"
EndProject
Project("{FAE04EC0-301F-11D3-BF4B-00C04F79EFBC}") = "EngineeringToolbox.Domain", "src\EngineeringToolbox.Domain\EngineeringToolbox.Domain.csproj", "{E7B065D4-E903-4A47-B653-4D14AC7325D5}"
EndProject
Global
	GlobalSection(SolutionConfigurationPlatforms) = preSolution
		Debug|Any CPU = Debug|Any CPU
		Release|Any CPU = Release|Any CPU
	EndGlobalSection
	GlobalSection(ProjectConfigurationPlatforms) = postSolution
		{702B6E26-40CB-469A-94C7-5BCF0B98730E}.Debug|Any CPU.ActiveCfg = Debug|Any CPU
		{702B6E26-40CB-469A-94C7-5BCF0B98730E}.Debug|Any CPU.Build.0 = Debug|Any CPU
		{702B6E26-40CB-469A-94C7-5BCF0B98730E}.Release|Any CPU.ActiveCfg = Release|Any CPU
		{702B6E26-40CB-469A-94C7-5BCF0B98730E}.Release|Any CPU.Build.0 = Release|Any CPU
		{6C08560A-E2F1-4A06-A65E-84A829193F11}.Debug|Any CPU.ActiveCfg = Debug|Any CPU
		{6C08560A-E2F1-4A06-A65E-84A829193F11}.Debug|Any CPU.Build.0 = Debug|Any CPU
		{6C08560A-E2F1-4A06-A65E-84A829193F11}.Release|Any CPU.ActiveCfg = Release|Any CPU
		{6C08560A-E2F1-4A06-A65E-84A829193F11}.Release|Any CPU.Build.0 = Release|Any CPU
		{77211C77-7944-45C7-B09A-DC56CA89940F}.Debug|Any CPU.ActiveCfg = Debug|Any CPU
		{77211C77-7944-45C7-B09A-DC56CA89940F}.Debug|Any CPU.Build.0 = Debug|Any CPU
		{77211C77-7944-45C7-B09A-DC56CA89940F}.Release|Any CPU.ActiveCfg = Release|Any CPU
		{77211C77-7944-45C7-B09A-DC56CA89940F}.Release|Any CPU.Build.0 = Release|Any CPU
		{0406B1CA-E674-4CF3-8B86-07933285C077}.Debug|Any CPU.ActiveCfg = Debug|Any CPU
		{0406B1CA-E674-4CF3-8B86-07933285C077}.Debug|Any CPU.Build.0 = Debug|Any CPU
		{0406B1CA-E674-4CF3-8B86-07933285C077}.Release|Any CPU.ActiveCfg = Release|Any CPU
		{0406B1CA-E674-4CF3-8B86-07933285C077}.Release|Any CPU.Build.0 = Release|Any CPU
		{E7B065D4-E903-4A47-B653-4D14AC7325D5}.Debug|Any CPU.ActiveCfg = Debug|Any CPU
		{E7B065D4-E903-4A47-B653-4D14AC7325D5}.Debug|Any CPU.Build.0 = Debug|Any CPU
		{E7B065D4-E903-4A47-B653-4D14AC7325D5}.Release|Any CPU.ActiveCfg = Release|Any CPU
		{E7B065D4-E903-4A47-B653-4D14AC7325D5}.Release|Any CPU.Build.0 = Release|Any CPU
	EndGlobalSection
	GlobalSection(SolutionProperties) = preSolution
		HideSolutionNode = FALSE
	EndGlobalSection
	GlobalSection(ExtensibilityGlobals) = postSolution
		SolutionGuid = {8CC9E3D3-A67B-4E3A-B55C-BDAE91568445}
	EndGlobalSection
EndGlobal
